
Microsoft Visual Studio Solution File, Format Version 12.00
# Visual Studio Version 17
VisualStudioVersion = 17.5.002.0
MinimumVisualStudioVersion = 10.0.40219.1
Project("{9A19103F-16F7-4668-BE54-9A1E7A4F7556}") = "Bot-Tom", "Bot-Tom\Bot-Tom.csproj", "{A17C35FB-B62F-4C99-B20E-8FB6157911B3}"
EndProject
Project("{FAE04EC0-301F-11D3-BF4B-00C04F79EFBC}") = "TomDungeon", "TomDungeon\TomDungeon.csproj", "{4057E8C8-8B58-441D-9497-1CD471F52BFA}"
EndProject
Project("{FAE04EC0-301F-11D3-BF4B-00C04F79EFBC}") = "FileManip", "FileManip\FileManip.csproj", "{D8851BA3-0175-4FDC-8067-5A6888952052}"
EndProject
Project("{FAE04EC0-301F-11D3-BF4B-00C04F79EFBC}") = "Charsheet.Morkborg", "Charsheet.Morkborg\Charsheet.Morkborg.csproj", "{9C069CC3-B110-49DA-8029-851637CA9172}"
EndProject
Project("{FAE04EC0-301F-11D3-BF4B-00C04F79EFBC}") = "Envy", "Envy\Envy.csproj", "{3042177B-833D-4B49-908C-925ACEF25629}"
EndProject
Project("{FAE04EC0-301F-11D3-BF4B-00C04F79EFBC}") = "ProcGen.Scumify", "ProcGen.Scumify\ProcGen.Scumify.csproj", "{8B84428F-6EAD-4ABA-833D-9E8C748E5CEC}"
EndProject
Project("{FAE04EC0-301F-11D3-BF4B-00C04F79EFBC}") = "DiceRoller", "DiceRoller\DiceRoller.csproj", "{333421A0-DB08-4F6A-A11D-EB59389FC685}"
EndProject
Project("{FAE04EC0-301F-11D3-BF4B-00C04F79EFBC}") = "Charsheet.ForgedInTheDark", "Charsheet.ForgedInTheDark\Charsheet.ForgedInTheDark.csproj", "{B1158F79-308E-4B28-8885-130301EDECFD}"
EndProject
Project("{FAE04EC0-301F-11D3-BF4B-00C04F79EFBC}") = "Charsheet.LevelGame", "Charsheet.LevelGame\Charsheet.LevelGame.csproj", "{005C46AD-D18B-467E-8BF3-2E310CACAF17}"
EndProject
Project("{FAE04EC0-301F-11D3-BF4B-00C04F79EFBC}") = "Widget.CardGame", "Widget.CardGame\Widget.CardGame.csproj", "{7C438ED9-D7C2-42AA-ADAE-A703484AE45F}"
EndProject
Project("{FAE04EC0-301F-11D3-BF4B-00C04F79EFBC}") = "ChatApi", "ChatApi\ChatApi.csproj", "{BE5C5C50-95C1-456A-9A75-C482367C4549}"
EndProject
Global
	GlobalSection(SolutionConfigurationPlatforms) = preSolution
		Debug|Any CPU = Debug|Any CPU
		Release|Any CPU = Release|Any CPU
	EndGlobalSection
	GlobalSection(ProjectConfigurationPlatforms) = postSolution
		{A17C35FB-B62F-4C99-B20E-8FB6157911B3}.Debug|Any CPU.ActiveCfg = Debug|Any CPU
		{A17C35FB-B62F-4C99-B20E-8FB6157911B3}.Debug|Any CPU.Build.0 = Debug|Any CPU
		{A17C35FB-B62F-4C99-B20E-8FB6157911B3}.Release|Any CPU.ActiveCfg = Release|Any CPU
		{A17C35FB-B62F-4C99-B20E-8FB6157911B3}.Release|Any CPU.Build.0 = Release|Any CPU
		{4057E8C8-8B58-441D-9497-1CD471F52BFA}.Debug|Any CPU.ActiveCfg = Debug|Any CPU
		{4057E8C8-8B58-441D-9497-1CD471F52BFA}.Debug|Any CPU.Build.0 = Debug|Any CPU
		{4057E8C8-8B58-441D-9497-1CD471F52BFA}.Release|Any CPU.ActiveCfg = Release|Any CPU
		{4057E8C8-8B58-441D-9497-1CD471F52BFA}.Release|Any CPU.Build.0 = Release|Any CPU
		{E4E51A9E-7B97-4528-9DE0-BF1537591BA3}.Debug|Any CPU.ActiveCfg = Debug|Any CPU
		{E4E51A9E-7B97-4528-9DE0-BF1537591BA3}.Debug|Any CPU.Build.0 = Debug|Any CPU
		{E4E51A9E-7B97-4528-9DE0-BF1537591BA3}.Release|Any CPU.ActiveCfg = Release|Any CPU
		{E4E51A9E-7B97-4528-9DE0-BF1537591BA3}.Release|Any CPU.Build.0 = Release|Any CPU
		{D8851BA3-0175-4FDC-8067-5A6888952052}.Debug|Any CPU.ActiveCfg = Debug|Any CPU
		{D8851BA3-0175-4FDC-8067-5A6888952052}.Debug|Any CPU.Build.0 = Debug|Any CPU
		{D8851BA3-0175-4FDC-8067-5A6888952052}.Release|Any CPU.ActiveCfg = Release|Any CPU
		{D8851BA3-0175-4FDC-8067-5A6888952052}.Release|Any CPU.Build.0 = Release|Any CPU
		{9C069CC3-B110-49DA-8029-851637CA9172}.Debug|Any CPU.ActiveCfg = Debug|Any CPU
		{9C069CC3-B110-49DA-8029-851637CA9172}.Debug|Any CPU.Build.0 = Debug|Any CPU
		{9C069CC3-B110-49DA-8029-851637CA9172}.Release|Any CPU.ActiveCfg = Release|Any CPU
		{9C069CC3-B110-49DA-8029-851637CA9172}.Release|Any CPU.Build.0 = Release|Any CPU
		{3042177B-833D-4B49-908C-925ACEF25629}.Debug|Any CPU.ActiveCfg = Debug|Any CPU
		{3042177B-833D-4B49-908C-925ACEF25629}.Debug|Any CPU.Build.0 = Debug|Any CPU
		{3042177B-833D-4B49-908C-925ACEF25629}.Release|Any CPU.ActiveCfg = Release|Any CPU
		{3042177B-833D-4B49-908C-925ACEF25629}.Release|Any CPU.Build.0 = Release|Any CPU
		{8B84428F-6EAD-4ABA-833D-9E8C748E5CEC}.Debug|Any CPU.ActiveCfg = Debug|Any CPU
		{8B84428F-6EAD-4ABA-833D-9E8C748E5CEC}.Debug|Any CPU.Build.0 = Debug|Any CPU
		{8B84428F-6EAD-4ABA-833D-9E8C748E5CEC}.Release|Any CPU.ActiveCfg = Release|Any CPU
		{8B84428F-6EAD-4ABA-833D-9E8C748E5CEC}.Release|Any CPU.Build.0 = Release|Any CPU
		{4126A017-FB21-40CF-B370-2CC950A919E3}.Debug|Any CPU.ActiveCfg = Debug|Any CPU
		{4126A017-FB21-40CF-B370-2CC950A919E3}.Debug|Any CPU.Build.0 = Debug|Any CPU
		{4126A017-FB21-40CF-B370-2CC950A919E3}.Release|Any CPU.ActiveCfg = Release|Any CPU
		{4126A017-FB21-40CF-B370-2CC950A919E3}.Release|Any CPU.Build.0 = Release|Any CPU
		{333421A0-DB08-4F6A-A11D-EB59389FC685}.Debug|Any CPU.ActiveCfg = Debug|Any CPU
		{333421A0-DB08-4F6A-A11D-EB59389FC685}.Debug|Any CPU.Build.0 = Debug|Any CPU
		{333421A0-DB08-4F6A-A11D-EB59389FC685}.Release|Any CPU.ActiveCfg = Release|Any CPU
		{333421A0-DB08-4F6A-A11D-EB59389FC685}.Release|Any CPU.Build.0 = Release|Any CPU
		{B1158F79-308E-4B28-8885-130301EDECFD}.Debug|Any CPU.ActiveCfg = Debug|Any CPU
		{B1158F79-308E-4B28-8885-130301EDECFD}.Debug|Any CPU.Build.0 = Debug|Any CPU
		{B1158F79-308E-4B28-8885-130301EDECFD}.Release|Any CPU.ActiveCfg = Release|Any CPU
		{B1158F79-308E-4B28-8885-130301EDECFD}.Release|Any CPU.Build.0 = Release|Any CPU
		{005C46AD-D18B-467E-8BF3-2E310CACAF17}.Debug|Any CPU.ActiveCfg = Debug|Any CPU
		{005C46AD-D18B-467E-8BF3-2E310CACAF17}.Debug|Any CPU.Build.0 = Debug|Any CPU
		{005C46AD-D18B-467E-8BF3-2E310CACAF17}.Release|Any CPU.ActiveCfg = Release|Any CPU
		{005C46AD-D18B-467E-8BF3-2E310CACAF17}.Release|Any CPU.Build.0 = Release|Any CPU
		{7C438ED9-D7C2-42AA-ADAE-A703484AE45F}.Debug|Any CPU.ActiveCfg = Debug|Any CPU
		{7C438ED9-D7C2-42AA-ADAE-A703484AE45F}.Debug|Any CPU.Build.0 = Debug|Any CPU
		{7C438ED9-D7C2-42AA-ADAE-A703484AE45F}.Release|Any CPU.ActiveCfg = Release|Any CPU
		{7C438ED9-D7C2-42AA-ADAE-A703484AE45F}.Release|Any CPU.Build.0 = Release|Any CPU
		{BE5C5C50-95C1-456A-9A75-C482367C4549}.Debug|Any CPU.ActiveCfg = Debug|Any CPU
		{BE5C5C50-95C1-456A-9A75-C482367C4549}.Debug|Any CPU.Build.0 = Debug|Any CPU
		{BE5C5C50-95C1-456A-9A75-C482367C4549}.Release|Any CPU.ActiveCfg = Release|Any CPU
		{BE5C5C50-95C1-456A-9A75-C482367C4549}.Release|Any CPU.Build.0 = Release|Any CPU
	EndGlobalSection
	GlobalSection(SolutionProperties) = preSolution
		HideSolutionNode = FALSE
	EndGlobalSection
	GlobalSection(ExtensibilityGlobals) = postSolution
		SolutionGuid = {675BEE55-8376-42BF-B349-341780949D4A}
	EndGlobalSection
EndGlobal
