
Microsoft Visual Studio Solution File, Format Version 12.00
# Visual Studio Version 17
VisualStudioVersion = 17.0.31903.59
MinimumVisualStudioVersion = 10.0.40219.1
Project("{FAE04EC0-301F-11D3-BF4B-00C04F79EFBC}") = "BotTom", "BotTom\BotTom.csproj", "{6309A982-E2CF-45A9-B636-32B39C3107AF}"
EndProject
Project("{2150E333-8FDC-42A3-9474-1A3956D46DE8}") = "Engine", "Engine", "{8507E95F-7790-485D-BE31-21534DE93FBC}"
EndProject
Project("{FAE04EC0-301F-11D3-BF4B-00C04F79EFBC}") = "DiceRoll", "Engine\DiceRoll\DiceRoll.csproj", "{E4B0A853-8F6C-412D-9490-EE3BC2D07A21}"
EndProject
Project("{FAE04EC0-301F-11D3-BF4B-00C04F79EFBC}") = "Envy", "Engine\Envy\Envy.csproj", "{9FC5F09E-A38A-4B55-B697-94B4A66911E3}"
EndProject
Project("{FAE04EC0-301F-11D3-BF4B-00C04F79EFBC}") = "ModuleHost", "Engine\ModuleHost\ModuleHost.csproj", "{7CF77951-DCA0-4B44-BD42-34743773D374}"
EndProject
Project("{FAE04EC0-301F-11D3-BF4B-00C04F79EFBC}") = "Serialization", "Engine\Serialization\Serialization.csproj", "{C1920EEF-0FEB-4F82-BBF6-66FBBD756362}"
EndProject
Project("{FAE04EC0-301F-11D3-BF4B-00C04F79EFBC}") = "FChatApi", "FChatApi\FChatApi.csproj", "{DF45D5B7-3705-474A-AAC8-C010FB437051}"
EndProject
Project("{2150E333-8FDC-42A3-9474-1A3956D46DE8}") = "Widget", "Widget", "{3BC76DF9-59D5-47BF-BF01-BEC08620E202}"
EndProject
Project("{FAE04EC0-301F-11D3-BF4B-00C04F79EFBC}") = "FGlobals", "Widget\FGlobals\FGlobals.csproj", "{6D18DF44-AB10-4538-BBA9-6B78040B1AA8}"
EndProject
Project("{FAE04EC0-301F-11D3-BF4B-00C04F79EFBC}") = "CardGame", "Widget\CardGame\CardGame.csproj", "{3124690E-1F1E-4B27-90A5-7839E82D3495}"
EndProject
Project("{FAE04EC0-301F-11D3-BF4B-00C04F79EFBC}") = "LevelGame", "Widget\LevelGame\LevelGame.csproj", "{03229157-99A1-460F-A1E1-BEA05D48DF48}"
EndProject
Project("{FAE04EC0-301F-11D3-BF4B-00C04F79EFBC}") = "SlashCommand", "Widget\SlashCommand\SlashCommand.csproj", "{FAA252E8-8EAF-424A-BB84-C32E739AEB88}"
EndProject
Project("{FAE04EC0-301F-11D3-BF4B-00C04F79EFBC}") = "TabletopAids", "Widget\TabletopAids\TabletopAids.csproj", "{302397C2-703A-4AEA-9D2A-1A2CDAEBCDF1}"
EndProject
Project("{FAE04EC0-301F-11D3-BF4B-00C04F79EFBC}") = "BotTom.Tests", "BotTom.Tests\BotTom.Tests.csproj", "{F8CADBB1-FD69-4C35-AC79-9DD983B4A0AB}"
EndProject
Project("{FAE04EC0-301F-11D3-BF4B-00C04F79EFBC}") = "Widget.Tests", "Widget.Tests\Widget.Tests.csproj", "{916B9008-1C50-431A-B70C-CE07FAB36FA3}"
EndProject
Project("{FAE04EC0-301F-11D3-BF4B-00C04F79EFBC}") = "Engine.Tests", "Engine.Tests\Engine.Tests.csproj", "{11ADF93A-0EDD-4AF2-A569-1190EAD89D47}"
EndProject
Project("{FAE04EC0-301F-11D3-BF4B-00C04F79EFBC}") = "FChatApi.Tests", "FChatApi.Tests\FChatApi.Tests.csproj", "{96B30A80-26DC-4827-B129-0424B61196C8}"
EndProject
Global
	GlobalSection(SolutionConfigurationPlatforms) = preSolution
		Debug|Any CPU = Debug|Any CPU
		Release|Any CPU = Release|Any CPU
	EndGlobalSection
	GlobalSection(SolutionProperties) = preSolution
		HideSolutionNode = FALSE
	EndGlobalSection
	GlobalSection(ProjectConfigurationPlatforms) = postSolution
		{6309A982-E2CF-45A9-B636-32B39C3107AF}.Debug|Any CPU.ActiveCfg = Debug|Any CPU
		{6309A982-E2CF-45A9-B636-32B39C3107AF}.Debug|Any CPU.Build.0 = Debug|Any CPU
		{6309A982-E2CF-45A9-B636-32B39C3107AF}.Release|Any CPU.ActiveCfg = Release|Any CPU
		{6309A982-E2CF-45A9-B636-32B39C3107AF}.Release|Any CPU.Build.0 = Release|Any CPU
		{F8CADBB1-FD69-4C35-AC79-9DD983B4A0AB}.Debug|Any CPU.ActiveCfg = Debug|Any CPU
		{F8CADBB1-FD69-4C35-AC79-9DD983B4A0AB}.Debug|Any CPU.Build.0 = Debug|Any CPU
		{F8CADBB1-FD69-4C35-AC79-9DD983B4A0AB}.Release|Any CPU.ActiveCfg = Release|Any CPU
		{F8CADBB1-FD69-4C35-AC79-9DD983B4A0AB}.Release|Any CPU.Build.0 = Release|Any CPU
		{E4B0A853-8F6C-412D-9490-EE3BC2D07A21}.Debug|Any CPU.ActiveCfg = Debug|Any CPU
		{E4B0A853-8F6C-412D-9490-EE3BC2D07A21}.Debug|Any CPU.Build.0 = Debug|Any CPU
		{E4B0A853-8F6C-412D-9490-EE3BC2D07A21}.Release|Any CPU.ActiveCfg = Release|Any CPU
		{E4B0A853-8F6C-412D-9490-EE3BC2D07A21}.Release|Any CPU.Build.0 = Release|Any CPU
		{9FC5F09E-A38A-4B55-B697-94B4A66911E3}.Debug|Any CPU.ActiveCfg = Debug|Any CPU
		{9FC5F09E-A38A-4B55-B697-94B4A66911E3}.Debug|Any CPU.Build.0 = Debug|Any CPU
		{9FC5F09E-A38A-4B55-B697-94B4A66911E3}.Release|Any CPU.ActiveCfg = Release|Any CPU
		{9FC5F09E-A38A-4B55-B697-94B4A66911E3}.Release|Any CPU.Build.0 = Release|Any CPU
		{7CF77951-DCA0-4B44-BD42-34743773D374}.Debug|Any CPU.ActiveCfg = Debug|Any CPU
		{7CF77951-DCA0-4B44-BD42-34743773D374}.Debug|Any CPU.Build.0 = Debug|Any CPU
		{7CF77951-DCA0-4B44-BD42-34743773D374}.Release|Any CPU.ActiveCfg = Release|Any CPU
		{7CF77951-DCA0-4B44-BD42-34743773D374}.Release|Any CPU.Build.0 = Release|Any CPU
		{C1920EEF-0FEB-4F82-BBF6-66FBBD756362}.Debug|Any CPU.ActiveCfg = Debug|Any CPU
		{C1920EEF-0FEB-4F82-BBF6-66FBBD756362}.Debug|Any CPU.Build.0 = Debug|Any CPU
		{C1920EEF-0FEB-4F82-BBF6-66FBBD756362}.Release|Any CPU.ActiveCfg = Release|Any CPU
		{C1920EEF-0FEB-4F82-BBF6-66FBBD756362}.Release|Any CPU.Build.0 = Release|Any CPU
		{DF45D5B7-3705-474A-AAC8-C010FB437051}.Debug|Any CPU.ActiveCfg = Debug|Any CPU
		{DF45D5B7-3705-474A-AAC8-C010FB437051}.Debug|Any CPU.Build.0 = Debug|Any CPU
		{DF45D5B7-3705-474A-AAC8-C010FB437051}.Release|Any CPU.ActiveCfg = Release|Any CPU
		{DF45D5B7-3705-474A-AAC8-C010FB437051}.Release|Any CPU.Build.0 = Release|Any CPU
		{6D18DF44-AB10-4538-BBA9-6B78040B1AA8}.Debug|Any CPU.ActiveCfg = Debug|Any CPU
		{6D18DF44-AB10-4538-BBA9-6B78040B1AA8}.Debug|Any CPU.Build.0 = Debug|Any CPU
		{6D18DF44-AB10-4538-BBA9-6B78040B1AA8}.Release|Any CPU.ActiveCfg = Release|Any CPU
		{6D18DF44-AB10-4538-BBA9-6B78040B1AA8}.Release|Any CPU.Build.0 = Release|Any CPU
		{3124690E-1F1E-4B27-90A5-7839E82D3495}.Debug|Any CPU.ActiveCfg = Debug|Any CPU
		{3124690E-1F1E-4B27-90A5-7839E82D3495}.Debug|Any CPU.Build.0 = Debug|Any CPU
		{3124690E-1F1E-4B27-90A5-7839E82D3495}.Release|Any CPU.ActiveCfg = Release|Any CPU
		{3124690E-1F1E-4B27-90A5-7839E82D3495}.Release|Any CPU.Build.0 = Release|Any CPU
		{03229157-99A1-460F-A1E1-BEA05D48DF48}.Debug|Any CPU.ActiveCfg = Debug|Any CPU
		{03229157-99A1-460F-A1E1-BEA05D48DF48}.Debug|Any CPU.Build.0 = Debug|Any CPU
		{03229157-99A1-460F-A1E1-BEA05D48DF48}.Release|Any CPU.ActiveCfg = Release|Any CPU
		{03229157-99A1-460F-A1E1-BEA05D48DF48}.Release|Any CPU.Build.0 = Release|Any CPU
		{FAA252E8-8EAF-424A-BB84-C32E739AEB88}.Debug|Any CPU.ActiveCfg = Debug|Any CPU
		{FAA252E8-8EAF-424A-BB84-C32E739AEB88}.Debug|Any CPU.Build.0 = Debug|Any CPU
		{FAA252E8-8EAF-424A-BB84-C32E739AEB88}.Release|Any CPU.ActiveCfg = Release|Any CPU
		{FAA252E8-8EAF-424A-BB84-C32E739AEB88}.Release|Any CPU.Build.0 = Release|Any CPU
		{916B9008-1C50-431A-B70C-CE07FAB36FA3}.Debug|Any CPU.ActiveCfg = Debug|Any CPU
		{916B9008-1C50-431A-B70C-CE07FAB36FA3}.Debug|Any CPU.Build.0 = Debug|Any CPU
		{916B9008-1C50-431A-B70C-CE07FAB36FA3}.Release|Any CPU.ActiveCfg = Release|Any CPU
		{916B9008-1C50-431A-B70C-CE07FAB36FA3}.Release|Any CPU.Build.0 = Release|Any CPU
		{11ADF93A-0EDD-4AF2-A569-1190EAD89D47}.Debug|Any CPU.ActiveCfg = Debug|Any CPU
		{11ADF93A-0EDD-4AF2-A569-1190EAD89D47}.Debug|Any CPU.Build.0 = Debug|Any CPU
		{11ADF93A-0EDD-4AF2-A569-1190EAD89D47}.Release|Any CPU.ActiveCfg = Release|Any CPU
		{11ADF93A-0EDD-4AF2-A569-1190EAD89D47}.Release|Any CPU.Build.0 = Release|Any CPU
		{96B30A80-26DC-4827-B129-0424B61196C8}.Debug|Any CPU.ActiveCfg = Debug|Any CPU
		{96B30A80-26DC-4827-B129-0424B61196C8}.Debug|Any CPU.Build.0 = Debug|Any CPU
		{96B30A80-26DC-4827-B129-0424B61196C8}.Release|Any CPU.ActiveCfg = Release|Any CPU
		{96B30A80-26DC-4827-B129-0424B61196C8}.Release|Any CPU.Build.0 = Release|Any CPU
		{302397C2-703A-4AEA-9D2A-1A2CDAEBCDF1}.Debug|Any CPU.ActiveCfg = Debug|Any CPU
		{302397C2-703A-4AEA-9D2A-1A2CDAEBCDF1}.Debug|Any CPU.Build.0 = Debug|Any CPU
		{302397C2-703A-4AEA-9D2A-1A2CDAEBCDF1}.Release|Any CPU.ActiveCfg = Release|Any CPU
		{302397C2-703A-4AEA-9D2A-1A2CDAEBCDF1}.Release|Any CPU.Build.0 = Release|Any CPU
	EndGlobalSection
	GlobalSection(NestedProjects) = preSolution
		{E4B0A853-8F6C-412D-9490-EE3BC2D07A21} = {8507E95F-7790-485D-BE31-21534DE93FBC}
		{9FC5F09E-A38A-4B55-B697-94B4A66911E3} = {8507E95F-7790-485D-BE31-21534DE93FBC}
		{7CF77951-DCA0-4B44-BD42-34743773D374} = {8507E95F-7790-485D-BE31-21534DE93FBC}
		{C1920EEF-0FEB-4F82-BBF6-66FBBD756362} = {8507E95F-7790-485D-BE31-21534DE93FBC}
		{6D18DF44-AB10-4538-BBA9-6B78040B1AA8} = {3BC76DF9-59D5-47BF-BF01-BEC08620E202}
		{3124690E-1F1E-4B27-90A5-7839E82D3495} = {3BC76DF9-59D5-47BF-BF01-BEC08620E202}
		{03229157-99A1-460F-A1E1-BEA05D48DF48} = {3BC76DF9-59D5-47BF-BF01-BEC08620E202}
		{FAA252E8-8EAF-424A-BB84-C32E739AEB88} = {3BC76DF9-59D5-47BF-BF01-BEC08620E202}
		{302397C2-703A-4AEA-9D2A-1A2CDAEBCDF1} = {3BC76DF9-59D5-47BF-BF01-BEC08620E202}
	EndGlobalSection
EndGlobal
