
Microsoft Visual Studio Solution File, Format Version 12.00
# Visual Studio Version 17
VisualStudioVersion = 17.0.31903.59
MinimumVisualStudioVersion = 10.0.40219.1
Project("{FAE04EC0-301F-11D3-BF4B-00C04F79EFBC}") = "FChatApi", "FChatApi\FChatApi.csproj", "{E6CCCE64-D6F4-4B7A-A99E-8CA05CF5B569}"
EndProject
Project("{2150E333-8FDC-42A3-9474-1A3956D46DE8}") = "Engine", "Engine", "{9E3C3263-0A29-4D3D-83C3-6D3D476D73E0}"
EndProject
Project("{FAE04EC0-301F-11D3-BF4B-00C04F79EFBC}") = "ModuleHost", "Engine\ModuleHost\ModuleHost.csproj", "{E8AF19C8-2641-4A43-8F8A-3E97E7E238E6}"
EndProject
Project("{FAE04EC0-301F-11D3-BF4B-00C04F79EFBC}") = "Serialization", "Engine\Serialization\Serialization.csproj", "{C160DBE5-FBBA-43D8-9F66-E77BFD48C26D}"
EndProject
Project("{FAE04EC0-301F-11D3-BF4B-00C04F79EFBC}") = "Envy", "Engine\Envy\Envy.csproj", "{195DB698-AC64-4A7B-B6E4-CAF78650154C}"
EndProject
Project("{FAE04EC0-301F-11D3-BF4B-00C04F79EFBC}") = "DiceRoll", "Engine\DiceRoll\DiceRoll.csproj", "{5ACCBC5C-7EC7-41FB-86D7-CFEE06A69611}"
EndProject
Project("{2150E333-8FDC-42A3-9474-1A3956D46DE8}") = "Widget", "Widget", "{DF702E41-F549-4295-8046-27463F4F8F9B}"
EndProject
Project("{FAE04EC0-301F-11D3-BF4B-00C04F79EFBC}") = "CardGame", "Widget\CardGame\CardGame.csproj", "{C3CF8903-5757-404E-8299-F125D28F548A}"
EndProject
Project("{FAE04EC0-301F-11D3-BF4B-00C04F79EFBC}") = "FGlobals", "Widget\FGlobals\FGlobals.csproj", "{F3AF536E-AA58-4F3F-A31E-CEA0B5B6A491}"
EndProject
Project("{FAE04EC0-301F-11D3-BF4B-00C04F79EFBC}") = "LevelGame", "Widget\LevelGame\LevelGame.csproj", "{559BDB24-2813-4E7E-98CE-A6A280661E51}"
EndProject
Project("{FAE04EC0-301F-11D3-BF4B-00C04F79EFBC}") = "Plugins", "Widget\Plugins\Plugins.csproj", "{C214FD08-58CD-4541-8B49-B03DBE081236}"
EndProject
Project("{FAE04EC0-301F-11D3-BF4B-00C04F79EFBC}") = "Widget.Tests", "Widget.Tests\Widget.Tests.csproj", "{51D66178-E67E-4704-B8DB-662B8B6091A1}"
EndProject
Project("{FAE04EC0-301F-11D3-BF4B-00C04F79EFBC}") = "Engine.Tests", "Engine.Tests\Engine.Tests.csproj", "{28FFD98A-A22E-40FA-B694-BE65D07C93F0}"
EndProject
Project("{FAE04EC0-301F-11D3-BF4B-00C04F79EFBC}") = "BotTom.Tests", "BotTom.Tests\BotTom.Tests.csproj", "{E1C73BD2-0FB6-44FA-BEF5-948C15F6CF21}"
EndProject
Project("{FAE04EC0-301F-11D3-BF4B-00C04F79EFBC}") = "FChatApi.Tests", "FChatApi.Tests\FChatApi.Tests.csproj", "{532F4C45-8EFD-4B9A-BDF7-0A9991D08075}"
EndProject
Project("{FAE04EC0-301F-11D3-BF4B-00C04F79EFBC}") = "BotTom", "BotTom\BotTom.csproj", "{9D3443AE-DF23-42D4-B48C-C2F95293429E}"
EndProject
Global
	GlobalSection(SolutionConfigurationPlatforms) = preSolution
		Debug|Any CPU = Debug|Any CPU
		Release|Any CPU = Release|Any CPU
	EndGlobalSection
	GlobalSection(SolutionProperties) = preSolution
		HideSolutionNode = FALSE
	EndGlobalSection
	GlobalSection(ProjectConfigurationPlatforms) = postSolution
		{E6CCCE64-D6F4-4B7A-A99E-8CA05CF5B569}.Debug|Any CPU.ActiveCfg = Debug|Any CPU
		{E6CCCE64-D6F4-4B7A-A99E-8CA05CF5B569}.Debug|Any CPU.Build.0 = Debug|Any CPU
		{E6CCCE64-D6F4-4B7A-A99E-8CA05CF5B569}.Release|Any CPU.ActiveCfg = Release|Any CPU
		{E6CCCE64-D6F4-4B7A-A99E-8CA05CF5B569}.Release|Any CPU.Build.0 = Release|Any CPU
		{E8AF19C8-2641-4A43-8F8A-3E97E7E238E6}.Debug|Any CPU.ActiveCfg = Debug|Any CPU
		{E8AF19C8-2641-4A43-8F8A-3E97E7E238E6}.Debug|Any CPU.Build.0 = Debug|Any CPU
		{E8AF19C8-2641-4A43-8F8A-3E97E7E238E6}.Release|Any CPU.ActiveCfg = Release|Any CPU
		{E8AF19C8-2641-4A43-8F8A-3E97E7E238E6}.Release|Any CPU.Build.0 = Release|Any CPU
		{C160DBE5-FBBA-43D8-9F66-E77BFD48C26D}.Debug|Any CPU.ActiveCfg = Debug|Any CPU
		{C160DBE5-FBBA-43D8-9F66-E77BFD48C26D}.Debug|Any CPU.Build.0 = Debug|Any CPU
		{C160DBE5-FBBA-43D8-9F66-E77BFD48C26D}.Release|Any CPU.ActiveCfg = Release|Any CPU
		{C160DBE5-FBBA-43D8-9F66-E77BFD48C26D}.Release|Any CPU.Build.0 = Release|Any CPU
		{195DB698-AC64-4A7B-B6E4-CAF78650154C}.Debug|Any CPU.ActiveCfg = Debug|Any CPU
		{195DB698-AC64-4A7B-B6E4-CAF78650154C}.Debug|Any CPU.Build.0 = Debug|Any CPU
		{195DB698-AC64-4A7B-B6E4-CAF78650154C}.Release|Any CPU.ActiveCfg = Release|Any CPU
		{195DB698-AC64-4A7B-B6E4-CAF78650154C}.Release|Any CPU.Build.0 = Release|Any CPU
		{5ACCBC5C-7EC7-41FB-86D7-CFEE06A69611}.Debug|Any CPU.ActiveCfg = Debug|Any CPU
		{5ACCBC5C-7EC7-41FB-86D7-CFEE06A69611}.Debug|Any CPU.Build.0 = Debug|Any CPU
		{5ACCBC5C-7EC7-41FB-86D7-CFEE06A69611}.Release|Any CPU.ActiveCfg = Release|Any CPU
		{5ACCBC5C-7EC7-41FB-86D7-CFEE06A69611}.Release|Any CPU.Build.0 = Release|Any CPU
		{C3CF8903-5757-404E-8299-F125D28F548A}.Debug|Any CPU.ActiveCfg = Debug|Any CPU
		{C3CF8903-5757-404E-8299-F125D28F548A}.Debug|Any CPU.Build.0 = Debug|Any CPU
		{C3CF8903-5757-404E-8299-F125D28F548A}.Release|Any CPU.ActiveCfg = Release|Any CPU
		{C3CF8903-5757-404E-8299-F125D28F548A}.Release|Any CPU.Build.0 = Release|Any CPU
		{F3AF536E-AA58-4F3F-A31E-CEA0B5B6A491}.Debug|Any CPU.ActiveCfg = Debug|Any CPU
		{F3AF536E-AA58-4F3F-A31E-CEA0B5B6A491}.Debug|Any CPU.Build.0 = Debug|Any CPU
		{F3AF536E-AA58-4F3F-A31E-CEA0B5B6A491}.Release|Any CPU.ActiveCfg = Release|Any CPU
		{F3AF536E-AA58-4F3F-A31E-CEA0B5B6A491}.Release|Any CPU.Build.0 = Release|Any CPU
		{559BDB24-2813-4E7E-98CE-A6A280661E51}.Debug|Any CPU.ActiveCfg = Debug|Any CPU
		{559BDB24-2813-4E7E-98CE-A6A280661E51}.Debug|Any CPU.Build.0 = Debug|Any CPU
		{559BDB24-2813-4E7E-98CE-A6A280661E51}.Release|Any CPU.ActiveCfg = Release|Any CPU
		{559BDB24-2813-4E7E-98CE-A6A280661E51}.Release|Any CPU.Build.0 = Release|Any CPU
		{C214FD08-58CD-4541-8B49-B03DBE081236}.Debug|Any CPU.ActiveCfg = Debug|Any CPU
		{C214FD08-58CD-4541-8B49-B03DBE081236}.Debug|Any CPU.Build.0 = Debug|Any CPU
		{C214FD08-58CD-4541-8B49-B03DBE081236}.Release|Any CPU.ActiveCfg = Release|Any CPU
		{C214FD08-58CD-4541-8B49-B03DBE081236}.Release|Any CPU.Build.0 = Release|Any CPU
		{51D66178-E67E-4704-B8DB-662B8B6091A1}.Debug|Any CPU.ActiveCfg = Debug|Any CPU
		{51D66178-E67E-4704-B8DB-662B8B6091A1}.Debug|Any CPU.Build.0 = Debug|Any CPU
		{51D66178-E67E-4704-B8DB-662B8B6091A1}.Release|Any CPU.ActiveCfg = Release|Any CPU
		{51D66178-E67E-4704-B8DB-662B8B6091A1}.Release|Any CPU.Build.0 = Release|Any CPU
		{28FFD98A-A22E-40FA-B694-BE65D07C93F0}.Debug|Any CPU.ActiveCfg = Debug|Any CPU
		{28FFD98A-A22E-40FA-B694-BE65D07C93F0}.Debug|Any CPU.Build.0 = Debug|Any CPU
		{28FFD98A-A22E-40FA-B694-BE65D07C93F0}.Release|Any CPU.ActiveCfg = Release|Any CPU
		{28FFD98A-A22E-40FA-B694-BE65D07C93F0}.Release|Any CPU.Build.0 = Release|Any CPU
		{E1C73BD2-0FB6-44FA-BEF5-948C15F6CF21}.Debug|Any CPU.ActiveCfg = Debug|Any CPU
		{E1C73BD2-0FB6-44FA-BEF5-948C15F6CF21}.Debug|Any CPU.Build.0 = Debug|Any CPU
		{E1C73BD2-0FB6-44FA-BEF5-948C15F6CF21}.Release|Any CPU.ActiveCfg = Release|Any CPU
		{E1C73BD2-0FB6-44FA-BEF5-948C15F6CF21}.Release|Any CPU.Build.0 = Release|Any CPU
		{532F4C45-8EFD-4B9A-BDF7-0A9991D08075}.Debug|Any CPU.ActiveCfg = Debug|Any CPU
		{532F4C45-8EFD-4B9A-BDF7-0A9991D08075}.Debug|Any CPU.Build.0 = Debug|Any CPU
		{532F4C45-8EFD-4B9A-BDF7-0A9991D08075}.Release|Any CPU.ActiveCfg = Release|Any CPU
		{532F4C45-8EFD-4B9A-BDF7-0A9991D08075}.Release|Any CPU.Build.0 = Release|Any CPU
		{9D3443AE-DF23-42D4-B48C-C2F95293429E}.Debug|Any CPU.ActiveCfg = Debug|Any CPU
		{9D3443AE-DF23-42D4-B48C-C2F95293429E}.Debug|Any CPU.Build.0 = Debug|Any CPU
		{9D3443AE-DF23-42D4-B48C-C2F95293429E}.Release|Any CPU.ActiveCfg = Release|Any CPU
		{9D3443AE-DF23-42D4-B48C-C2F95293429E}.Release|Any CPU.Build.0 = Release|Any CPU
	EndGlobalSection
	GlobalSection(NestedProjects) = preSolution
		{E8AF19C8-2641-4A43-8F8A-3E97E7E238E6} = {9E3C3263-0A29-4D3D-83C3-6D3D476D73E0}
		{C160DBE5-FBBA-43D8-9F66-E77BFD48C26D} = {9E3C3263-0A29-4D3D-83C3-6D3D476D73E0}
		{195DB698-AC64-4A7B-B6E4-CAF78650154C} = {9E3C3263-0A29-4D3D-83C3-6D3D476D73E0}
		{5ACCBC5C-7EC7-41FB-86D7-CFEE06A69611} = {9E3C3263-0A29-4D3D-83C3-6D3D476D73E0}
		{C3CF8903-5757-404E-8299-F125D28F548A} = {DF702E41-F549-4295-8046-27463F4F8F9B}
		{F3AF536E-AA58-4F3F-A31E-CEA0B5B6A491} = {DF702E41-F549-4295-8046-27463F4F8F9B}
		{559BDB24-2813-4E7E-98CE-A6A280661E51} = {DF702E41-F549-4295-8046-27463F4F8F9B}
		{C214FD08-58CD-4541-8B49-B03DBE081236} = {DF702E41-F549-4295-8046-27463F4F8F9B}
	EndGlobalSection
EndGlobal
